
Microsoft Visual Studio Solution File, Format Version 12.00
# Visual Studio Version 17
VisualStudioVersion = 17.4.33110.190
MinimumVisualStudioVersion = 10.0.40219.1
Project("{9A19103F-16F7-4668-BE54-9A1E7A4F7556}") = "RaineVilla_VillaApi", "RaineVilla_VillaApi\RaineVilla_VillaApi.csproj", "{52FBFB1F-7722-4282-BDA5-991665DF3A7F}"
EndProject
Project("{FAE04EC0-301F-11D3-BF4B-00C04F79EFBC}") = "RaineVilla_Web", "RaineVilla_Web\RaineVilla_Web.csproj", "{5FC6D621-1A82-4E4F-8E55-46A6264253CE}"
EndProject
Project("{FAE04EC0-301F-11D3-BF4B-00C04F79EFBC}") = "RaineVilla_Utility", "RaineVilla_Utility\RaineVilla_Utility.csproj", "{863D770F-DF93-4207-9CA8-FA9D6138B0EC}"
EndProject
Global
	GlobalSection(SolutionConfigurationPlatforms) = preSolution
		Debug|Any CPU = Debug|Any CPU
		Release|Any CPU = Release|Any CPU
	EndGlobalSection
	GlobalSection(ProjectConfigurationPlatforms) = postSolution
		{52FBFB1F-7722-4282-BDA5-991665DF3A7F}.Debug|Any CPU.ActiveCfg = Debug|Any CPU
		{52FBFB1F-7722-4282-BDA5-991665DF3A7F}.Debug|Any CPU.Build.0 = Debug|Any CPU
		{52FBFB1F-7722-4282-BDA5-991665DF3A7F}.Release|Any CPU.ActiveCfg = Release|Any CPU
		{52FBFB1F-7722-4282-BDA5-991665DF3A7F}.Release|Any CPU.Build.0 = Release|Any CPU
		{5FC6D621-1A82-4E4F-8E55-46A6264253CE}.Debug|Any CPU.ActiveCfg = Debug|Any CPU
		{5FC6D621-1A82-4E4F-8E55-46A6264253CE}.Debug|Any CPU.Build.0 = Debug|Any CPU
		{5FC6D621-1A82-4E4F-8E55-46A6264253CE}.Release|Any CPU.ActiveCfg = Release|Any CPU
		{5FC6D621-1A82-4E4F-8E55-46A6264253CE}.Release|Any CPU.Build.0 = Release|Any CPU
		{863D770F-DF93-4207-9CA8-FA9D6138B0EC}.Debug|Any CPU.ActiveCfg = Debug|Any CPU
		{863D770F-DF93-4207-9CA8-FA9D6138B0EC}.Debug|Any CPU.Build.0 = Debug|Any CPU
		{863D770F-DF93-4207-9CA8-FA9D6138B0EC}.Release|Any CPU.ActiveCfg = Release|Any CPU
		{863D770F-DF93-4207-9CA8-FA9D6138B0EC}.Release|Any CPU.Build.0 = Release|Any CPU
	EndGlobalSection
	GlobalSection(SolutionProperties) = preSolution
		HideSolutionNode = FALSE
	EndGlobalSection
	GlobalSection(ExtensibilityGlobals) = postSolution
		SolutionGuid = {69D387AC-2F62-4EF9-BFD7-BC064E7BD92E}
	EndGlobalSection
EndGlobal
